// !$*UTF8*$!
{
	archiveVersion = 1;
	classes = {
	};
	objectVersion = 46;
	objects = {

/* Begin PBXBuildFile section */
		9ED17AB41CA2EB0700FAF9B4 /* MainWindowController.swift in Sources */ = {isa = PBXBuildFile; fileRef = 9ED17AB31CA2EB0700FAF9B4 /* MainWindowController.swift */; };
		9ED17AB61CA2EB8100FAF9B4 /* MainWindowController.xib in Resources */ = {isa = PBXBuildFile; fileRef = 9ED17AB51CA2EB8100FAF9B4 /* MainWindowController.xib */; };
		9EFA00311CA2E7D0009D6E42 /* AppDelegate.swift in Sources */ = {isa = PBXBuildFile; fileRef = 9EFA00301CA2E7D0009D6E42 /* AppDelegate.swift */; };
		9EFA00331CA2E7D0009D6E42 /* Assets.xcassets in Resources */ = {isa = PBXBuildFile; fileRef = 9EFA00321CA2E7D0009D6E42 /* Assets.xcassets */; };
		9EFA00361CA2E7D0009D6E42 /* MainMenu.xib in Resources */ = {isa = PBXBuildFile; fileRef = 9EFA00341CA2E7D0009D6E42 /* MainMenu.xib */; };
/* End PBXBuildFile section */

/* Begin PBXFileReference section */
		9ED17AB31CA2EB0700FAF9B4 /* MainWindowController.swift */ = {isa = PBXFileReference; fileEncoding = 4; lastKnownFileType = sourcecode.swift; path = MainWindowController.swift; sourceTree = "<group>"; };
		9ED17AB51CA2EB8100FAF9B4 /* MainWindowController.xib */ = {isa = PBXFileReference; fileEncoding = 4; lastKnownFileType = file.xib; path = MainWindowController.xib; sourceTree = "<group>"; };
		9EFA002D1CA2E7D0009D6E42 /* RGBWell.app */ = {isa = PBXFileReference; explicitFileType = wrapper.application; includeInIndex = 0; path = RGBWell.app; sourceTree = BUILT_PRODUCTS_DIR; };
		9EFA00301CA2E7D0009D6E42 /* AppDelegate.swift */ = {isa = PBXFileReference; lastKnownFileType = sourcecode.swift; path = AppDelegate.swift; sourceTree = "<group>"; };
		9EFA00321CA2E7D0009D6E42 /* Assets.xcassets */ = {isa = PBXFileReference; lastKnownFileType = folder.assetcatalog; path = Assets.xcassets; sourceTree = "<group>"; };
		9EFA00351CA2E7D0009D6E42 /* Base */ = {isa = PBXFileReference; lastKnownFileType = file.xib; name = Base; path = Base.lproj/MainMenu.xib; sourceTree = "<group>"; };
		9EFA00371CA2E7D0009D6E42 /* Info.plist */ = {isa = PBXFileReference; lastKnownFileType = text.plist.xml; path = Info.plist; sourceTree = "<group>"; };
/* End PBXFileReference section */

/* Begin PBXFrameworksBuildPhase section */
		9EFA002A1CA2E7CF009D6E42 /* Frameworks */ = {
			isa = PBXFrameworksBuildPhase;
			buildActionMask = 2147483647;
			files = (
			);
			runOnlyForDeploymentPostprocessing = 0;
		};
/* End PBXFrameworksBuildPhase section */

/* Begin PBXGroup section */
		9EFA00241CA2E7CF009D6E42 = {
			isa = PBXGroup;
			children = (
				9EFA002F1CA2E7D0009D6E42 /* RGBWell */,
				9EFA002E1CA2E7D0009D6E42 /* Products */,
			);
			sourceTree = "<group>";
		};
		9EFA002E1CA2E7D0009D6E42 /* Products */ = {
			isa = PBXGroup;
			children = (
				9EFA002D1CA2E7D0009D6E42 /* RGBWell.app */,
			);
			name = Products;
			sourceTree = "<group>";
		};
		9EFA002F1CA2E7D0009D6E42 /* RGBWell */ = {
			isa = PBXGroup;
			children = (
				9EFA00301CA2E7D0009D6E42 /* AppDelegate.swift */,
				9EFA00321CA2E7D0009D6E42 /* Assets.xcassets */,
				9EFA00341CA2E7D0009D6E42 /* MainMenu.xib */,
				9EFA00371CA2E7D0009D6E42 /* Info.plist */,
				9ED17AB31CA2EB0700FAF9B4 /* MainWindowController.swift */,
				9ED17AB51CA2EB8100FAF9B4 /* MainWindowController.xib */,
			);
			path = RGBWell;
			sourceTree = "<group>";
		};
/* End PBXGroup section */

/* Begin PBXNativeTarget section */
		9EFA002C1CA2E7CF009D6E42 /* RGBWell */ = {
			isa = PBXNativeTarget;
			buildConfigurationList = 9EFA003A1CA2E7D0009D6E42 /* Build configuration list for PBXNativeTarget "RGBWell" */;
			buildPhases = (
				9EFA00291CA2E7CF009D6E42 /* Sources */,
				9EFA002A1CA2E7CF009D6E42 /* Frameworks */,
				9EFA002B1CA2E7CF009D6E42 /* Resources */,
			);
			buildRules = (
			);
			dependencies = (
			);
			name = RGBWell;
			productName = RGBWell;
			productReference = 9EFA002D1CA2E7D0009D6E42 /* RGBWell.app */;
			productType = "com.apple.product-type.application";
		};
/* End PBXNativeTarget section */

/* Begin PBXProject section */
		9EFA00251CA2E7CF009D6E42 /* Project object */ = {
			isa = PBXProject;
			attributes = {
				LastSwiftUpdateCheck = 0730;
				LastUpgradeCheck = 0730;
				ORGANIZATIONNAME = Sebastian;
				TargetAttributes = {
					9EFA002C1CA2E7CF009D6E42 = {
						CreatedOnToolsVersion = 7.3;
					};
				};
			};
			buildConfigurationList = 9EFA00281CA2E7CF009D6E42 /* Build configuration list for PBXProject "RGBWell" */;
			compatibilityVersion = "Xcode 3.2";
			developmentRegion = English;
			hasScannedForEncodings = 0;
			knownRegions = (
				en,
				Base,
			);
			mainGroup = 9EFA00241CA2E7CF009D6E42;
			productRefGroup = 9EFA002E1CA2E7D0009D6E42 /* Products */;
			projectDirPath = "";
			projectRoot = "";
			targets = (
				9EFA002C1CA2E7CF009D6E42 /* RGBWell */,
			);
		};
/* End PBXProject section */

/* Begin PBXResourcesBuildPhase section */
		9EFA002B1CA2E7CF009D6E42 /* Resources */ = {
			isa = PBXResourcesBuildPhase;
			buildActionMask = 2147483647;
			files = (
				9EFA00331CA2E7D0009D6E42 /* Assets.xcassets in Resources */,
				9ED17AB61CA2EB8100FAF9B4 /* MainWindowController.xib in Resources */,
				9EFA00361CA2E7D0009D6E42 /* MainMenu.xib in Resources */,
			);
			runOnlyForDeploymentPostprocessing = 0;
		};
/* End PBXResourcesBuildPhase section */

/* Begin PBXSourcesBuildPhase section */
		9EFA00291CA2E7CF009D6E42 /* Sources */ = {
			isa = PBXSourcesBuildPhase;
			buildActionMask = 2147483647;
			files = (
				9ED17AB41CA2EB0700FAF9B4 /* MainWindowController.swift in Sources */,
				9EFA00311CA2E7D0009D6E42 /* AppDelegate.swift in Sources */,
			);
			runOnlyForDeploymentPostprocessing = 0;
		};
/* End PBXSourcesBuildPhase section */

/* Begin PBXVariantGroup section */
		9EFA00341CA2E7D0009D6E42 /* MainMenu.xib */ = {
			isa = PBXVariantGroup;
			children = (
				9EFA00351CA2E7D0009D6E42 /* Base */,
			);
			name = MainMenu.xib;
			sourceTree = "<group>";
		};
/* End PBXVariantGroup section */

/* Begin XCBuildConfiguration section */
		9EFA00381CA2E7D0009D6E42 /* Debug */ = {
			isa = XCBuildConfiguration;
			buildSettings = {
				ALWAYS_SEARCH_USER_PATHS = NO;
				CLANG_ANALYZER_NONNULL = YES;
				CLANG_CXX_LANGUAGE_STANDARD = "gnu++0x";
				CLANG_CXX_LIBRARY = "libc++";
				CLANG_ENABLE_MODULES = YES;
				CLANG_ENABLE_OBJC_ARC = YES;
				CLANG_WARN_BOOL_CONVERSION = YES;
				CLANG_WARN_CONSTANT_CONVERSION = YES;
				CLANG_WARN_DIRECT_OBJC_ISA_USAGE = YES_ERROR;
				CLANG_WARN_EMPTY_BODY = YES;
				CLANG_WARN_ENUM_CONVERSION = YES;
				CLANG_WARN_INT_CONVERSION = YES;
				CLANG_WARN_OBJC_ROOT_CLASS = YES_ERROR;
				CLANG_WARN_UNREACHABLE_CODE = YES;
				CLANG_WARN__DUPLICATE_METHOD_MATCH = YES;
				CODE_SIGN_IDENTITY = "-";
				COPY_PHASE_STRIP = NO;
				DEBUG_INFORMATION_FORMAT = dwarf;
				ENABLE_STRICT_OBJC_MSGSEND = YES;
				ENABLE_TESTABILITY = YES;
				GCC_C_LANGUAGE_STANDARD = gnu99;
				GCC_DYNAMIC_NO_PIC = NO;
				GCC_NO_COMMON_BLOCKS = YES;
				GCC_OPTIMIZATION_LEVEL = 0;
				GCC_PREPROCESSOR_DEFINITIONS = (
					"DEBUG=1",
					"$(inherited)",
				);
				GCC_WARN_64_TO_32_BIT_CONVERSION = YES;
				GCC_WARN_ABOUT_RETURN_TYPE = YES_ERROR;
				GCC_WARN_UNDECLARED_SELECTOR = YES;
				GCC_WARN_UNINITIALIZED_AUTOS = YES_AGGRESSIVE;
				GCC_WARN_UNUSED_FUNCTION = YES;
				GCC_WARN_UNUSED_VARIABLE = YES;
				MACOSX_DEPLOYMENT_TARGET = 10.11;
				MTL_ENABLE_DEBUG_INFO = YES;
				ONLY_ACTIVE_ARCH = YES;
				SDKROOT = macosx;
				SWIFT_OPTIMIZATION_LEVEL = "-Onone";
			};
			name = Debug;
		};
		9EFA00391CA2E7D0009D6E42 /* Release */ = {
			isa = XCBuildConfiguration;
			buildSettings = {
				ALWAYS_SEARCH_USER_PATHS = NO;
				CLANG_ANALYZER_NONNULL = YES;
				CLANG_CXX_LANGUAGE_STANDARD = "gnu++0x";
				CLANG_CXX_LIBRARY = "libc++";
				CLANG_ENABLE_MODULES = YES;
				CLANG_ENABLE_OBJC_ARC = YES;
				CLANG_WARN_BOOL_CONVERSION = YES;
				CLANG_WARN_CONSTANT_CONVERSION = YES;
				CLANG_WARN_DIRECT_OBJC_ISA_USAGE = YES_ERROR;
				CLANG_WARN_EMPTY_BODY = YES;
				CLANG_WARN_ENUM_CONVERSION = YES;
				CLANG_WARN_INT_CONVERSION = YES;
				CLANG_WARN_OBJC_ROOT_CLASS = YES_ERROR;
				CLANG_WARN_UNREACHABLE_CODE = YES;
				CLANG_WARN__DUPLICATE_METHOD_MATCH = YES;
				CODE_SIGN_IDENTITY = "-";
				COPY_PHASE_STRIP = NO;
				DEBUG_INFORMATION_FORMAT = "dwarf-with-dsym";
				ENABLE_NS_ASSERTIONS = NO;
				ENABLE_STRICT_OBJC_MSGSEND = YES;
				GCC_C_LANGUAGE_STANDARD = gnu99;
				GCC_NO_COMMON_BLOCKS = YES;
				GCC_WARN_64_TO_32_BIT_CONVERSION = YES;
				GCC_WARN_ABOUT_RETURN_TYPE = YES_ERROR;
				GCC_WARN_UNDECLARED_SELECTOR = YES;
				GCC_WARN_UNINITIALIZED_AUTOS = YES_AGGRESSIVE;
				GCC_WARN_UNUSED_FUNCTION = YES;
				GCC_WARN_UNUSED_VARIABLE = YES;
				MACOSX_DEPLOYMENT_TARGET = 10.11;
				MTL_ENABLE_DEBUG_INFO = NO;
				SDKROOT = macosx;
			};
			name = Release;
		};
		9EFA003B1CA2E7D0009D6E42 /* Debug */ = {
			isa = XCBuildConfiguration;
			buildSettings = {
				ASSETCATALOG_COMPILER_APPICON_NAME = AppIcon;
				COMBINE_HIDPI_IMAGES = YES;
				INFOPLIST_FILE = RGBWell/Info.plist;
				LD_RUNPATH_SEARCH_PATHS = "$(inherited) @executable_path/../Frameworks";
				PRODUCT_BUNDLE_IDENTIFIER = com.landab.RGBWell;
				PRODUCT_NAME = "$(TARGET_NAME)";
			};
			name = Debug;
		};
		9EFA003C1CA2E7D0009D6E42 /* Release */ = {
			isa = XCBuildConfiguration;
			buildSettings = {
				ASSETCATALOG_COMPILER_APPICON_NAME = AppIcon;
				COMBINE_HIDPI_IMAGES = YES;
				INFOPLIST_FILE = RGBWell/Info.plist;
				LD_RUNPATH_SEARCH_PATHS = "$(inherited) @executable_path/../Frameworks";
				PRODUCT_BUNDLE_IDENTIFIER = com.landab.RGBWell;
				PRODUCT_NAME = "$(TARGET_NAME)";
			};
			name = Release;
		};
/* End XCBuildConfiguration section */

/* Begin XCConfigurationList section */
		9EFA00281CA2E7CF009D6E42 /* Build configuration list for PBXProject "RGBWell" */ = {
			isa = XCConfigurationList;
			buildConfigurations = (
				9EFA00381CA2E7D0009D6E42 /* Debug */,
				9EFA00391CA2E7D0009D6E42 /* Release */,
			);
			defaultConfigurationIsVisible = 0;
			defaultConfigurationName = Release;
		};
		9EFA003A1CA2E7D0009D6E42 /* Build configuration list for PBXNativeTarget "RGBWell" */ = {
			isa = XCConfigurationList;
			buildConfigurations = (
				9EFA003B1CA2E7D0009D6E42 /* Debug */,
				9EFA003C1CA2E7D0009D6E42 /* Release */,
			);
			defaultConfigurationIsVisible = 0;
			defaultConfigurationName = Release;
		};
/* End XCConfigurationList section */
	};
	rootObject = 9EFA00251CA2E7CF009D6E42 /* Project object */;
}
